
Microsoft Visual Studio Solution File, Format Version 12.00
# Visual Studio Version 17
VisualStudioVersion = 17.5.002.0
MinimumVisualStudioVersion = 10.0.40219.1
Project("{9A19103F-16F7-4668-BE54-9A1E7A4F7556}") = "WarmTofuMod", "WarmTofuMod.csproj", "{ED90E4BF-E8E1-424C-B9F0-2D7BB04B14A0}"
EndProject
Global
	GlobalSection(SolutionConfigurationPlatforms) = preSolution
		Debug|Any CPU = Debug|Any CPU
		Release|Any CPU = Release|Any CPU
	EndGlobalSection
	GlobalSection(ProjectConfigurationPlatforms) = postSolution
		{ED90E4BF-E8E1-424C-B9F0-2D7BB04B14A0}.Debug|Any CPU.ActiveCfg = Debug|Any CPU
		{ED90E4BF-E8E1-424C-B9F0-2D7BB04B14A0}.Debug|Any CPU.Build.0 = Debug|Any CPU
		{ED90E4BF-E8E1-424C-B9F0-2D7BB04B14A0}.Release|Any CPU.ActiveCfg = Release|Any CPU
		{ED90E4BF-E8E1-424C-B9F0-2D7BB04B14A0}.Release|Any CPU.Build.0 = Release|Any CPU
	EndGlobalSection
	GlobalSection(SolutionProperties) = preSolution
		HideSolutionNode = FALSE
	EndGlobalSection
	GlobalSection(ExtensibilityGlobals) = postSolution
		SolutionGuid = {335B2005-C85E-4A7B-B238-BFA2A3B96B8E}
	EndGlobalSection
EndGlobal
